
Microsoft Visual Studio Solution File, Format Version 12.00
# Visual Studio Version 17
VisualStudioVersion = 17.3.32819.101
MinimumVisualStudioVersion = 10.0.40219.1
Project("{FAE04EC0-301F-11D3-BF4B-00C04F79EFBC}") = "SignalRSystemMonitoring.Web", "SignalRSystemMonitoring.Web\SignalRSystemMonitoring.Web.csproj", "{DB76418C-A4EE-4A08-9369-8E58A101AF6D}"
EndProject
Global
	GlobalSection(SolutionConfigurationPlatforms) = preSolution
		Debug|Any CPU = Debug|Any CPU
		Release|Any CPU = Release|Any CPU
	EndGlobalSection
	GlobalSection(ProjectConfigurationPlatforms) = postSolution
		{DB76418C-A4EE-4A08-9369-8E58A101AF6D}.Debug|Any CPU.ActiveCfg = Debug|Any CPU
		{DB76418C-A4EE-4A08-9369-8E58A101AF6D}.Debug|Any CPU.Build.0 = Debug|Any CPU
		{DB76418C-A4EE-4A08-9369-8E58A101AF6D}.Release|Any CPU.ActiveCfg = Release|Any CPU
		{DB76418C-A4EE-4A08-9369-8E58A101AF6D}.Release|Any CPU.Build.0 = Release|Any CPU
	EndGlobalSection
	GlobalSection(SolutionProperties) = preSolution
		HideSolutionNode = FALSE
	EndGlobalSection
	GlobalSection(ExtensibilityGlobals) = postSolution
		SolutionGuid = {25B9917D-527E-4C79-82DC-9DA3405B87D1}
	EndGlobalSection
EndGlobal
